
Microsoft Visual Studio Solution File, Format Version 12.00
# Visual Studio 15
VisualStudioVersion = 15.0.27703.2000
MinimumVisualStudioVersion = 10.0.40219.1
Project("{FAE04EC0-301F-11D3-BF4B-00C04F79EFBC}") = "App45.Android", "App45\App45.Android\App45.Android.csproj", "{2B3836BD-EE79-4B40-A017-D2C58A0541F8}"
EndProject
Project("{FAE04EC0-301F-11D3-BF4B-00C04F79EFBC}") = "App45", "App45\App45\App45.csproj", "{1311F705-E130-469A-8BCC-2872A5359E01}"
EndProject
Global
	GlobalSection(SolutionConfigurationPlatforms) = preSolution
		Debug|Any CPU = Debug|Any CPU
		Release|Any CPU = Release|Any CPU
	EndGlobalSection
	GlobalSection(ProjectConfigurationPlatforms) = postSolution
		{2B3836BD-EE79-4B40-A017-D2C58A0541F8}.Debug|Any CPU.ActiveCfg = Debug|Any CPU
		{2B3836BD-EE79-4B40-A017-D2C58A0541F8}.Debug|Any CPU.Build.0 = Debug|Any CPU
		{2B3836BD-EE79-4B40-A017-D2C58A0541F8}.Debug|Any CPU.Deploy.0 = Debug|Any CPU
		{2B3836BD-EE79-4B40-A017-D2C58A0541F8}.Release|Any CPU.ActiveCfg = Release|Any CPU
		{2B3836BD-EE79-4B40-A017-D2C58A0541F8}.Release|Any CPU.Build.0 = Release|Any CPU
		{2B3836BD-EE79-4B40-A017-D2C58A0541F8}.Release|Any CPU.Deploy.0 = Release|Any CPU
		{1311F705-E130-469A-8BCC-2872A5359E01}.Debug|Any CPU.ActiveCfg = Debug|Any CPU
		{1311F705-E130-469A-8BCC-2872A5359E01}.Debug|Any CPU.Build.0 = Debug|Any CPU
		{1311F705-E130-469A-8BCC-2872A5359E01}.Debug|Any CPU.Deploy.0 = Debug|Any CPU
		{1311F705-E130-469A-8BCC-2872A5359E01}.Release|Any CPU.ActiveCfg = Release|Any CPU
		{1311F705-E130-469A-8BCC-2872A5359E01}.Release|Any CPU.Build.0 = Release|Any CPU
		{1311F705-E130-469A-8BCC-2872A5359E01}.Release|Any CPU.Deploy.0 = Release|Any CPU
	EndGlobalSection
	GlobalSection(SolutionProperties) = preSolution
		HideSolutionNode = FALSE
	EndGlobalSection
	GlobalSection(ExtensibilityGlobals) = postSolution
		SolutionGuid = {CC97160D-B3BB-471D-AE1D-82BBB9161643}
	EndGlobalSection
EndGlobal
